
Microsoft Visual Studio Solution File, Format Version 12.00
# Visual Studio 15
VisualStudioVersion = 15.0.27428.2015
MinimumVisualStudioVersion = 10.0.40219.1
Project("{FAE04EC0-301F-11D3-BF4B-00C04F79EFBC}") = "DIPGNET", "DIPGNET\DIPGNET.csproj", "{0B410933-68D8-48A3-B908-D9F956A3985F}"
EndProject
Global
	GlobalSection(SolutionConfigurationPlatforms) = preSolution
		Debug|Any CPU = Debug|Any CPU
		Release|Any CPU = Release|Any CPU
	EndGlobalSection
	GlobalSection(ProjectConfigurationPlatforms) = postSolution
		{0B410933-68D8-48A3-B908-D9F956A3985F}.Debug|Any CPU.ActiveCfg = Debug|Any CPU
		{0B410933-68D8-48A3-B908-D9F956A3985F}.Debug|Any CPU.Build.0 = Debug|Any CPU
		{0B410933-68D8-48A3-B908-D9F956A3985F}.Release|Any CPU.ActiveCfg = Release|Any CPU
		{0B410933-68D8-48A3-B908-D9F956A3985F}.Release|Any CPU.Build.0 = Release|Any CPU
	EndGlobalSection
	GlobalSection(SolutionProperties) = preSolution
		HideSolutionNode = FALSE
	EndGlobalSection
	GlobalSection(ExtensibilityGlobals) = postSolution
		SolutionGuid = {6466D834-D276-4545-8ABD-5D25FA8F042C}
	EndGlobalSection
EndGlobal
